// !$*UTF8*$!
{
	archiveVersion = 1;
	classes = {
	};
	objectVersion = 46;
	objects = {

/* Begin PBXBuildFile section */
		0C68983E1B042F96001370DE /* AppDelegate.swift in Sources */ = {isa = PBXBuildFile; fileRef = 0C68983D1B042F96001370DE /* AppDelegate.swift */; };
		0C6898401B042F96001370DE /* ViewController.swift in Sources */ = {isa = PBXBuildFile; fileRef = 0C68983F1B042F96001370DE /* ViewController.swift */; };
		0C6898431B042F96001370DE /* Main.storyboard in Resources */ = {isa = PBXBuildFile; fileRef = 0C6898411B042F96001370DE /* Main.storyboard */; };
		0C6898451B042F96001370DE /* Images.xcassets in Resources */ = {isa = PBXBuildFile; fileRef = 0C6898441B042F96001370DE /* Images.xcassets */; };
		0C6898481B042F96001370DE /* LaunchScreen.xib in Resources */ = {isa = PBXBuildFile; fileRef = 0C6898461B042F96001370DE /* LaunchScreen.xib */; };
		0C6898541B042F96001370DE /* demo_carouselTests.swift in Sources */ = {isa = PBXBuildFile; fileRef = 0C6898531B042F96001370DE /* demo_carouselTests.swift */; };
/* End PBXBuildFile section */

/* Begin PBXContainerItemProxy section */
		0C68984E1B042F96001370DE /* PBXContainerItemProxy */ = {
			isa = PBXContainerItemProxy;
			containerPortal = 0C6898301B042F96001370DE /* Project object */;
			proxyType = 1;
			remoteGlobalIDString = 0C6898371B042F96001370DE;
			remoteInfo = "demo-carousel";
		};
/* End PBXContainerItemProxy section */

/* Begin PBXFileReference section */
		0C6898381B042F96001370DE /* demo-carousel.app */ = {isa = PBXFileReference; explicitFileType = wrapper.application; includeInIndex = 0; path = "demo-carousel.app"; sourceTree = BUILT_PRODUCTS_DIR; };
		0C68983C1B042F96001370DE /* Info.plist */ = {isa = PBXFileReference; lastKnownFileType = text.plist.xml; path = Info.plist; sourceTree = "<group>"; };
		0C68983D1B042F96001370DE /* AppDelegate.swift */ = {isa = PBXFileReference; lastKnownFileType = sourcecode.swift; path = AppDelegate.swift; sourceTree = "<group>"; };
		0C68983F1B042F96001370DE /* ViewController.swift */ = {isa = PBXFileReference; lastKnownFileType = sourcecode.swift; path = ViewController.swift; sourceTree = "<group>"; };
		0C6898421B042F96001370DE /* Base */ = {isa = PBXFileReference; lastKnownFileType = file.storyboard; name = Base; path = Base.lproj/Main.storyboard; sourceTree = "<group>"; };
		0C6898441B042F96001370DE /* Images.xcassets */ = {isa = PBXFileReference; lastKnownFileType = folder.assetcatalog; path = Images.xcassets; sourceTree = "<group>"; };
		0C6898471B042F96001370DE /* Base */ = {isa = PBXFileReference; lastKnownFileType = file.xib; name = Base; path = Base.lproj/LaunchScreen.xib; sourceTree = "<group>"; };
		0C68984D1B042F96001370DE /* demo-carouselTests.xctest */ = {isa = PBXFileReference; explicitFileType = wrapper.cfbundle; includeInIndex = 0; path = "demo-carouselTests.xctest"; sourceTree = BUILT_PRODUCTS_DIR; };
		0C6898521B042F96001370DE /* Info.plist */ = {isa = PBXFileReference; lastKnownFileType = text.plist.xml; path = Info.plist; sourceTree = "<group>"; };
		0C6898531B042F96001370DE /* demo_carouselTests.swift */ = {isa = PBXFileReference; lastKnownFileType = sourcecode.swift; path = demo_carouselTests.swift; sourceTree = "<group>"; };
/* End PBXFileReference section */

/* Begin PBXFrameworksBuildPhase section */
		0C6898351B042F96001370DE /* Frameworks */ = {
			isa = PBXFrameworksBuildPhase;
			buildActionMask = 2147483647;
			files = (
			);
			runOnlyForDeploymentPostprocessing = 0;
		};
		0C68984A1B042F96001370DE /* Frameworks */ = {
			isa = PBXFrameworksBuildPhase;
			buildActionMask = 2147483647;
			files = (
			);
			runOnlyForDeploymentPostprocessing = 0;
		};
/* End PBXFrameworksBuildPhase section */

/* Begin PBXGroup section */
		0C68982F1B042F96001370DE = {
			isa = PBXGroup;
			children = (
				0C68983A1B042F96001370DE /* demo-carousel */,
				0C6898501B042F96001370DE /* demo-carouselTests */,
				0C6898391B042F96001370DE /* Products */,
			);
			sourceTree = "<group>";
		};
		0C6898391B042F96001370DE /* Products */ = {
			isa = PBXGroup;
			children = (
				0C6898381B042F96001370DE /* demo-carousel.app */,
				0C68984D1B042F96001370DE /* demo-carouselTests.xctest */,
			);
			name = Products;
			sourceTree = "<group>";
		};
		0C68983A1B042F96001370DE /* demo-carousel */ = {
			isa = PBXGroup;
			children = (
				0C68983D1B042F96001370DE /* AppDelegate.swift */,
				0C68983F1B042F96001370DE /* ViewController.swift */,
				0C6898411B042F96001370DE /* Main.storyboard */,
				0C6898441B042F96001370DE /* Images.xcassets */,
				0C6898461B042F96001370DE /* LaunchScreen.xib */,
				0C68983B1B042F96001370DE /* Supporting Files */,
			);
			path = "demo-carousel";
			sourceTree = "<group>";
		};
		0C68983B1B042F96001370DE /* Supporting Files */ = {
			isa = PBXGroup;
			children = (
				0C68983C1B042F96001370DE /* Info.plist */,
			);
			name = "Supporting Files";
			sourceTree = "<group>";
		};
		0C6898501B042F96001370DE /* demo-carouselTests */ = {
			isa = PBXGroup;
			children = (
				0C6898531B042F96001370DE /* demo_carouselTests.swift */,
				0C6898511B042F96001370DE /* Supporting Files */,
			);
			path = "demo-carouselTests";
			sourceTree = "<group>";
		};
		0C6898511B042F96001370DE /* Supporting Files */ = {
			isa = PBXGroup;
			children = (
				0C6898521B042F96001370DE /* Info.plist */,
			);
			name = "Supporting Files";
			sourceTree = "<group>";
		};
/* End PBXGroup section */

/* Begin PBXNativeTarget section */
		0C6898371B042F96001370DE /* demo-carousel */ = {
			isa = PBXNativeTarget;
			buildConfigurationList = 0C6898571B042F96001370DE /* Build configuration list for PBXNativeTarget "demo-carousel" */;
			buildPhases = (
				0C6898341B042F96001370DE /* Sources */,
				0C6898351B042F96001370DE /* Frameworks */,
				0C6898361B042F96001370DE /* Resources */,
			);
			buildRules = (
			);
			dependencies = (
			);
			name = "demo-carousel";
			productName = "demo-carousel";
			productReference = 0C6898381B042F96001370DE /* demo-carousel.app */;
			productType = "com.apple.product-type.application";
		};
		0C68984C1B042F96001370DE /* demo-carouselTests */ = {
			isa = PBXNativeTarget;
			buildConfigurationList = 0C68985A1B042F96001370DE /* Build configuration list for PBXNativeTarget "demo-carouselTests" */;
			buildPhases = (
				0C6898491B042F96001370DE /* Sources */,
				0C68984A1B042F96001370DE /* Frameworks */,
				0C68984B1B042F96001370DE /* Resources */,
			);
			buildRules = (
			);
			dependencies = (
				0C68984F1B042F96001370DE /* PBXTargetDependency */,
			);
			name = "demo-carouselTests";
			productName = "demo-carouselTests";
			productReference = 0C68984D1B042F96001370DE /* demo-carouselTests.xctest */;
			productType = "com.apple.product-type.bundle.unit-test";
		};
/* End PBXNativeTarget section */

/* Begin PBXProject section */
		0C6898301B042F96001370DE /* Project object */ = {
			isa = PBXProject;
			attributes = {
				LastUpgradeCheck = 0630;
				ORGANIZATIONNAME = designbisch;
				TargetAttributes = {
					0C6898371B042F96001370DE = {
						CreatedOnToolsVersion = 6.3.1;
					};
					0C68984C1B042F96001370DE = {
						CreatedOnToolsVersion = 6.3.1;
						TestTargetID = 0C6898371B042F96001370DE;
					};
				};
			};
			buildConfigurationList = 0C6898331B042F96001370DE /* Build configuration list for PBXProject "demo-carousel" */;
			compatibilityVersion = "Xcode 3.2";
			developmentRegion = English;
			hasScannedForEncodings = 0;
			knownRegions = (
				en,
				Base,
			);
			mainGroup = 0C68982F1B042F96001370DE;
			productRefGroup = 0C6898391B042F96001370DE /* Products */;
			projectDirPath = "";
			projectRoot = "";
			targets = (
				0C6898371B042F96001370DE /* demo-carousel */,
				0C68984C1B042F96001370DE /* demo-carouselTests */,
			);
		};
/* End PBXProject section */

/* Begin PBXResourcesBuildPhase section */
		0C6898361B042F96001370DE /* Resources */ = {
			isa = PBXResourcesBuildPhase;
			buildActionMask = 2147483647;
			files = (
				0C6898431B042F96001370DE /* Main.storyboard in Resources */,
				0C6898481B042F96001370DE /* LaunchScreen.xib in Resources */,
				0C6898451B042F96001370DE /* Images.xcassets in Resources */,
			);
			runOnlyForDeploymentPostprocessing = 0;
		};
		0C68984B1B042F96001370DE /* Resources */ = {
			isa = PBXResourcesBuildPhase;
			buildActionMask = 2147483647;
			files = (
			);
			runOnlyForDeploymentPostprocessing = 0;
		};
/* End PBXResourcesBuildPhase section */

/* Begin PBXSourcesBuildPhase section */
		0C6898341B042F96001370DE /* Sources */ = {
			isa = PBXSourcesBuildPhase;
			buildActionMask = 2147483647;
			files = (
				0C6898401B042F96001370DE /* ViewController.swift in Sources */,
				0C68983E1B042F96001370DE /* AppDelegate.swift in Sources */,
			);
			runOnlyForDeploymentPostprocessing = 0;
		};
		0C6898491B042F96001370DE /* Sources */ = {
			isa = PBXSourcesBuildPhase;
			buildActionMask = 2147483647;
			files = (
				0C6898541B042F96001370DE /* demo_carouselTests.swift in Sources */,
			);
			runOnlyForDeploymentPostprocessing = 0;
		};
/* End PBXSourcesBuildPhase section */

/* Begin PBXTargetDependency section */
		0C68984F1B042F96001370DE /* PBXTargetDependency */ = {
			isa = PBXTargetDependency;
			target = 0C6898371B042F96001370DE /* demo-carousel */;
			targetProxy = 0C68984E1B042F96001370DE /* PBXContainerItemProxy */;
		};
/* End PBXTargetDependency section */

/* Begin PBXVariantGroup section */
		0C6898411B042F96001370DE /* Main.storyboard */ = {
			isa = PBXVariantGroup;
			children = (
				0C6898421B042F96001370DE /* Base */,
			);
			name = Main.storyboard;
			sourceTree = "<group>";
		};
		0C6898461B042F96001370DE /* LaunchScreen.xib */ = {
			isa = PBXVariantGroup;
			children = (
				0C6898471B042F96001370DE /* Base */,
			);
			name = LaunchScreen.xib;
			sourceTree = "<group>";
		};
/* End PBXVariantGroup section */

/* Begin XCBuildConfiguration section */
		0C6898551B042F96001370DE /* Debug */ = {
			isa = XCBuildConfiguration;
			buildSettings = {
				ALWAYS_SEARCH_USER_PATHS = NO;
				CLANG_CXX_LANGUAGE_STANDARD = "gnu++0x";
				CLANG_CXX_LIBRARY = "libc++";
				CLANG_ENABLE_MODULES = YES;
				CLANG_ENABLE_OBJC_ARC = YES;
				CLANG_WARN_BOOL_CONVERSION = YES;
				CLANG_WARN_CONSTANT_CONVERSION = YES;
				CLANG_WARN_DIRECT_OBJC_ISA_USAGE = YES_ERROR;
				CLANG_WARN_EMPTY_BODY = YES;
				CLANG_WARN_ENUM_CONVERSION = YES;
				CLANG_WARN_INT_CONVERSION = YES;
				CLANG_WARN_OBJC_ROOT_CLASS = YES_ERROR;
				CLANG_WARN_UNREACHABLE_CODE = YES;
				CLANG_WARN__DUPLICATE_METHOD_MATCH = YES;
				"CODE_SIGN_IDENTITY[sdk=iphoneos*]" = "iPhone Developer";
				COPY_PHASE_STRIP = NO;
				DEBUG_INFORMATION_FORMAT = "dwarf-with-dsym";
				ENABLE_STRICT_OBJC_MSGSEND = YES;
				GCC_C_LANGUAGE_STANDARD = gnu99;
				GCC_DYNAMIC_NO_PIC = NO;
				GCC_NO_COMMON_BLOCKS = YES;
				GCC_OPTIMIZATION_LEVEL = 0;
				GCC_PREPROCESSOR_DEFINITIONS = (
					"DEBUG=1",
					"$(inherited)",
				);
				GCC_SYMBOLS_PRIVATE_EXTERN = NO;
				GCC_WARN_64_TO_32_BIT_CONVERSION = YES;
				GCC_WARN_ABOUT_RETURN_TYPE = YES_ERROR;
				GCC_WARN_UNDECLARED_SELECTOR = YES;
				GCC_WARN_UNINITIALIZED_AUTOS = YES_AGGRESSIVE;
				GCC_WARN_UNUSED_FUNCTION = YES;
				GCC_WARN_UNUSED_VARIABLE = YES;
				IPHONEOS_DEPLOYMENT_TARGET = 8.3;
				MTL_ENABLE_DEBUG_INFO = YES;
				ONLY_ACTIVE_ARCH = YES;
				SDKROOT = iphoneos;
				SWIFT_OPTIMIZATION_LEVEL = "-Onone";
				TARGETED_DEVICE_FAMILY = "1,2";
			};
			name = Debug;
		};
		0C6898561B042F96001370DE /* Release */ = {
			isa = XCBuildConfiguration;
			buildSettings = {
				ALWAYS_SEARCH_USER_PATHS = NO;
				CLANG_CXX_LANGUAGE_STANDARD = "gnu++0x";
				CLANG_CXX_LIBRARY = "libc++";
				CLANG_ENABLE_MODULES = YES;
				CLANG_ENABLE_OBJC_ARC = YES;
				CLANG_WARN_BOOL_CONVERSION = YES;
				CLANG_WARN_CONSTANT_CONVERSION = YES;
				CLANG_WARN_DIRECT_OBJC_ISA_USAGE = YES_ERROR;
				CLANG_WARN_EMPTY_BODY = YES;
				CLANG_WARN_ENUM_CONVERSION = YES;
				CLANG_WARN_INT_CONVERSION = YES;
				CLANG_WARN_OBJC_ROOT_CLASS = YES_ERROR;
				CLANG_WARN_UNREACHABLE_CODE = YES;
				CLANG_WARN__DUPLICATE_METHOD_MATCH = YES;
				"CODE_SIGN_IDENTITY[sdk=iphoneos*]" = "iPhone Developer";
				COPY_PHASE_STRIP = NO;
				DEBUG_INFORMATION_FORMAT = "dwarf-with-dsym";
				ENABLE_NS_ASSERTIONS = NO;
				ENABLE_STRICT_OBJC_MSGSEND = YES;
				GCC_C_LANGUAGE_STANDARD = gnu99;
				GCC_NO_COMMON_BLOCKS = YES;
				GCC_WARN_64_TO_32_BIT_CONVERSION = YES;
				GCC_WARN_ABOUT_RETURN_TYPE = YES_ERROR;
				GCC_WARN_UNDECLARED_SELECTOR = YES;
				GCC_WARN_UNINITIALIZED_AUTOS = YES_AGGRESSIVE;
				GCC_WARN_UNUSED_FUNCTION = YES;
				GCC_WARN_UNUSED_VARIABLE = YES;
				IPHONEOS_DEPLOYMENT_TARGET = 8.3;
				MTL_ENABLE_DEBUG_INFO = NO;
				SDKROOT = iphoneos;
				TARGETED_DEVICE_FAMILY = "1,2";
				VALIDATE_PRODUCT = YES;
			};
			name = Release;
		};
		0C6898581B042F96001370DE /* Debug */ = {
			isa = XCBuildConfiguration;
			buildSettings = {
				ASSETCATALOG_COMPILER_APPICON_NAME = AppIcon;
				INFOPLIST_FILE = "demo-carousel/Info.plist";
				LD_RUNPATH_SEARCH_PATHS = "$(inherited) @executable_path/Frameworks";
				PRODUCT_NAME = "$(TARGET_NAME)";
			};
			name = Debug;
		};
		0C6898591B042F96001370DE /* Release */ = {
			isa = XCBuildConfiguration;
			buildSettings = {
				ASSETCATALOG_COMPILER_APPICON_NAME = AppIcon;
				INFOPLIST_FILE = "demo-carousel/Info.plist";
				LD_RUNPATH_SEARCH_PATHS = "$(inherited) @executable_path/Frameworks";
				PRODUCT_NAME = "$(TARGET_NAME)";
			};
			name = Release;
		};
		0C68985B1B042F96001370DE /* Debug */ = {
			isa = XCBuildConfiguration;
			buildSettings = {
				BUNDLE_LOADER = "$(TEST_HOST)";
				FRAMEWORK_SEARCH_PATHS = (
					"$(SDKROOT)/Developer/Library/Frameworks",
					"$(inherited)",
				);
				GCC_PREPROCESSOR_DEFINITIONS = (
					"DEBUG=1",
					"$(inherited)",
				);
				INFOPLIST_FILE = "demo-carouselTests/Info.plist";
				LD_RUNPATH_SEARCH_PATHS = "$(inherited) @executable_path/Frameworks @loader_path/Frameworks";
				PRODUCT_NAME = "$(TARGET_NAME)";
				TEST_HOST = "$(BUILT_PRODUCTS_DIR)/demo-carousel.app/demo-carousel";
			};
			name = Debug;
		};
		0C68985C1B042F96001370DE /* Release */ = {
			isa = XCBuildConfiguration;
			buildSettings = {
				BUNDLE_LOADER = "$(TEST_HOST)";
				FRAMEWORK_SEARCH_PATHS = (
					"$(SDKROOT)/Developer/Library/Frameworks",
					"$(inherited)",
				);
				INFOPLIST_FILE = "demo-carouselTests/Info.plist";
				LD_RUNPATH_SEARCH_PATHS = "$(inherited) @executable_path/Frameworks @loader_path/Frameworks";
				PRODUCT_NAME = "$(TARGET_NAME)";
				TEST_HOST = "$(BUILT_PRODUCTS_DIR)/demo-carousel.app/demo-carousel";
			};
			name = Release;
		};
/* End XCBuildConfiguration section */

/* Begin XCConfigurationList section */
		0C6898331B042F96001370DE /* Build configuration list for PBXProject "demo-carousel" */ = {
			isa = XCConfigurationList;
			buildConfigurations = (
				0C6898551B042F96001370DE /* Debug */,
				0C6898561B042F96001370DE /* Release */,
			);
			defaultConfigurationIsVisible = 0;
			defaultConfigurationName = Release;
		};
		0C6898571B042F96001370DE /* Build configuration list for PBXNativeTarget "demo-carousel" */ = {
			isa = XCConfigurationList;
			buildConfigurations = (
				0C6898581B042F96001370DE /* Debug */,
				0C6898591B042F96001370DE /* Release */,
			);
			defaultConfigurationIsVisible = 0;
		};
		0C68985A1B042F96001370DE /* Build configuration list for PBXNativeTarget "demo-carouselTests" */ = {
			isa = XCConfigurationList;
			buildConfigurations = (
				0C68985B1B042F96001370DE /* Debug */,
				0C68985C1B042F96001370DE /* Release */,
			);
			defaultConfigurationIsVisible = 0;
		};
/* End XCConfigurationList section */
	};
	rootObject = 0C6898301B042F96001370DE /* Project object */;
}
